{
  "name": "vllm",
  "lockfileVersion": 3,
  "requires": true,
  "packages": {
    "": {
      "dependencies": {
        "@anthropic-ai/claude-code": "^2.1.222"
      }
    },
    "node_modules/@anthropic-ai/claude-code": {
      "version": "2.1.222",
      "resolved": "https://registry.npmjs.org/@anthropic-ai/claude-code/-/claude-code-2.1.222.tgz",
      "integrity": "sha512-T8i+1SvOIL6rWEE7g7Of4xJ5MTwP7sT7O5fFFD1zlWL54XkKhshZWFQhz0reANbziBIV0AEkI5QdSXZkTgSBwA==",
      "hasInstallScript": true,
      "license": "SEE LICENSE IN README.md",
      "bin": {
        "claude": "bin/claude.exe"
      },
      "engines": {
        "node": ">=22.0.0"
      },
      "optionalDependencies": {
        "@anthropic-ai/claude-code-darwin-arm64": "2.1.222",
        "@anthropic-ai/claude-code-darwin-x64": "2.1.222",
        "@anthropic-ai/claude-code-linux-arm64": "2.1.222",
        "@anthropic-ai/claude-code-linux-arm64-musl": "2.1.222",
        "@anthropic-ai/claude-code-linux-x64": "2.1.222",
        "@anthropic-ai/claude-code-linux-x64-musl": "2.1.222",
        "@anthropic-ai/claude-code-win32-arm64": "2.1.222",
        "@anthropic-ai/claude-code-win32-x64": "2.1.222"
      }
    },
    "node_modules/@anthropic-ai/claude-code-darwin-arm64": {
      "version": "2.1.222",
      "resolved": "https://registry.npmjs.org/@anthropic-ai/claude-code-darwin-arm64/-/claude-code-darwin-arm64-2.1.222.tgz",
      "integrity": "sha512-578kP4YCxJZYG/CE0iAkbBYXyDzJVrtevtm+wpZDWdpTPJaEayTbL3IOtywUlaMIDY7kxpFs8LdXjvNO4OlF+Q==",
      "cpu": [
        "arm64"
      ],
      "license": "SEE LICENSE IN LICENSE.md",
      "optional": true,
      "os": [
        "darwin"
      ]
    },
    "node_modules/@anthropic-ai/claude-code-darwin-x64": {
      "version": "2.1.222",
      "resolved": "https://registry.npmjs.org/@anthropic-ai/claude-code-darwin-x64/-/claude-code-darwin-x64-2.1.222.tgz",
      "integrity": "sha512-CF21le9b41YwDes7U2F5c1zx1mRXZx1MgRAyly4p3ZQM03CP4d96Wa+jsaEjKM+yEoK6bVvsow5fiQTQaUGGIw==",
      "cpu": [
        "x64"
      ],
      "license": "SEE LICENSE IN LICENSE.md",
      "optional": true,
      "os": [
        "darwin"
      ]
    },
    "node_modules/@anthropic-ai/claude-code-linux-arm64": {
      "version": "2.1.222",
      "resolved": "https://registry.npmjs.org/@anthropic-ai/claude-code-linux-arm64/-/claude-code-linux-arm64-2.1.222.tgz",
      "integrity": "sha512-EXSediF1ujcqQeElbXdCEe+uW3NUQAOjn1xHHAgvwzY08nzJeePjagn9+YS6bmhHxBgDKwlGu7pL8Kv7EpiFtg==",
      "cpu": [
        "arm64"
      ],
      "license": "SEE LICENSE IN LICENSE.md",
      "optional": true,
      "os": [
        "linux"
      ]
    },
    "node_modules/@anthropic-ai/claude-code-linux-arm64-musl": {
      "version": "2.1.222",
      "resolved": "https://registry.npmjs.org/@anthropic-ai/claude-code-linux-arm64-musl/-/claude-code-linux-arm64-musl-2.1.222.tgz",
      "integrity": "sha512-sWU532+UbmGleP0h/8un4BoUcG8Vp0n34oMnQbSqPdBSJyhbH8B0PoXVvUi4pFUz5bvY7mLlVEFlfWK2tF0JKg==",
      "cpu": [
        "arm64"
      ],
      "license": "SEE LICENSE IN LICENSE.md",
      "optional": true,
      "os": [
        "linux"
      ]
    },
    "node_modules/@anthropic-ai/claude-code-linux-x64": {
      "version": "2.1.222",
      "cpu": [
        "x64"
      ],
      "license": "SEE LICENSE IN LICENSE.md",
      "optional": true,
      "os": [
        "linux"
      ]
    },
    "node_modules/@anthropic-ai/claude-code-linux-x64-musl": {
      "version": "2.1.222",
      "resolved": "https://registry.npmjs.org/@anthropic-ai/claude-code-linux-x64-musl/-/claude-code-linux-x64-musl-2.1.222.tgz",
      "integrity": "sha512-/PiAnEB0AC46evt50ZH4aGPaQQlZDX+k6LcDC/JRMOndP/jK3TlqcyTwxJMgpArtpGo1flH1KNQTiKTc8BpQSQ==",
      "cpu": [
        "x64"
      ],
      "license": "SEE LICENSE IN LICENSE.md",
      "optional": true,
      "os": [
        "linux"
      ]
    },
    "node_modules/@anthropic-ai/claude-code-win32-arm64": {
      "version": "2.1.222",
      "resolved": "https://registry.npmjs.org/@anthropic-ai/claude-code-win32-arm64/-/claude-code-win32-arm64-2.1.222.tgz",
      "integrity": "sha512-hqQmMA2NLKdDmNEAYgBgrdTwnef9jdAUdHKxaIKDMfh5M8ungKWdckdNtwPxw2f6MM7U2OHpfM7r9A5aAsPRlQ==",
      "cpu": [
        "arm64"
      ],
      "license": "SEE LICENSE IN LICENSE.md",
      "optional": true,
      "os": [
        "win32"
      ]
    },
    "node_modules/@anthropic-ai/claude-code-win32-x64": {
      "version": "2.1.222",
      "resolved": "https://registry.npmjs.org/@anthropic-ai/claude-code-win32-x64/-/claude-code-win32-x64-2.1.222.tgz",
      "integrity": "sha512-Bvvun2cU+ANm34NBq1AzKvKE393u/PS62PQZKXBr3XyyUhfn29lkYBPMPvITfaYFoOvEO3qikUglFs2dxM2gYQ==",
      "cpu": [
        "x64"
      ],
      "license": "SEE LICENSE IN LICENSE.md",
      "optional": true,
      "os": [
        "win32"
      ]
    }
  }
}
